
Microsoft Visual Studio Solution File, Format Version 12.00
# Visual Studio Version 17
VisualStudioVersion = 17.3.32922.545
MinimumVisualStudioVersion = 10.0.40219.1
Project("{F184B08F-C81C-45F6-A57F-5ABD9991F28F}") = "SAD_Project", "SAD_Project.vbproj", "{BC136BBF-2173-41F0-8F64-794CB1463B47}"
EndProject
Global
	GlobalSection(SolutionConfigurationPlatforms) = preSolution
		Debug|Any CPU = Debug|Any CPU
		Release|Any CPU = Release|Any CPU
	EndGlobalSection
	GlobalSection(ProjectConfigurationPlatforms) = postSolution
		{BC136BBF-2173-41F0-8F64-794CB1463B47}.Debug|Any CPU.ActiveCfg = Debug|Any CPU
		{BC136BBF-2173-41F0-8F64-794CB1463B47}.Debug|Any CPU.Build.0 = Debug|Any CPU
		{BC136BBF-2173-41F0-8F64-794CB1463B47}.Release|Any CPU.ActiveCfg = Release|Any CPU
		{BC136BBF-2173-41F0-8F64-794CB1463B47}.Release|Any CPU.Build.0 = Release|Any CPU
	EndGlobalSection
	GlobalSection(SolutionProperties) = preSolution
		HideSolutionNode = FALSE
	EndGlobalSection
	GlobalSection(ExtensibilityGlobals) = postSolution
		SolutionGuid = {62807C23-3118-4AD1-859F-25947621EC56}
	EndGlobalSection
EndGlobal
